{
  "name": "treeage",
  "version": "0.4.0",
  "lockfileVersion": 1,
  "requires": true,
  "dependencies": {
    "typescript": {
      "version": "3.7.0-dev.20191006",
      "resolved": "https://registry.npmjs.org/typescript/-/typescript-3.7.0-dev.20191006.tgz",
      "integrity": "sha512-0uxLQ41QwguSZdMlQ5GUXljS42Ti1+AFJ1EnTsQOSX4Z0eG2bwxHDJItIRDGV6yZGBMXJ6HGapxv2qxSeW5svA==",
      "dev": true
    }
  }
}
